// !$*UTF8*$!
{
	archiveVersion = 1;
	classes = {
	};
	objectVersion = 46;
	objects = {

/* Begin PBXBuildFile section */
		7F023F8B5D3654A59AEF315F /* libPods-classifieds.a in Frameworks */ = {isa = PBXBuildFile; fileRef = EA6E128CF4F16D405BB01353 /* libPods-classifieds.a */; };
		CACF61A28C147362BD0EE57F /* BillingModel.m in Sources */ = {isa = PBXBuildFile; fileRef = CACF6411BEF3C8EC3E76901B /* BillingModel.m */; };
		CACF61AF343D3A82269A0FF9 /* OrderModel.m in Sources */ = {isa = PBXBuildFile; fileRef = CACF6AC596DF06C9CF0A64DF /* OrderModel.m */; };
		CACF61CDBE9487145E9AA87C /* BuyerModel.m in Sources */ = {isa = PBXBuildFile; fileRef = CACF6176F661B11F96884B87 /* BuyerModel.m */; };
		CACF6379D708CD9D30B368F4 /* SearchViewController.m in Sources */ = {isa = PBXBuildFile; fileRef = CACF6D0AA07F5744713D5241 /* SearchViewController.m */; };
		CACF639B27BFF4E3BBF01C98 /* SearchHistoryViewController.m in Sources */ = {isa = PBXBuildFile; fileRef = CACF624AB488C745ED22FF81 /* SearchHistoryViewController.m */; };
		CACF63C4E31A54508D807589 /* BillingStore.m in Sources */ = {isa = PBXBuildFile; fileRef = CACF6809D266D949D1E2DDFF /* BillingStore.m */; };
		CACF63E4B8F1146FC23F6631 /* SearchViewController.xib in Resources */ = {isa = PBXBuildFile; fileRef = CACF69DBCF1C2B4FFF8D504E /* SearchViewController.xib */; };
		CACF64426720611664F28209 /* Token.m in Sources */ = {isa = PBXBuildFile; fileRef = CACF630C61D6B815A30EB199 /* Token.m */; };
		CACF645223529E2B03F9C30B /* SearchResultViewController.m in Sources */ = {isa = PBXBuildFile; fileRef = CACF65318C24B144006201D3 /* SearchResultViewController.m */; };
		CACF64AA0DCE523EE15F527D /* OrderViewController.m in Sources */ = {isa = PBXBuildFile; fileRef = CACF6905ABBEDAAE36A23B96 /* OrderViewController.m */; };
		CACF65E50CE7C0BF7B708197 /* UserModel.m in Sources */ = {isa = PBXBuildFile; fileRef = CACF642A2220E730B921F179 /* UserModel.m */; };
		CACF65EB545659347F2E8C0E /* AddressStore.m in Sources */ = {isa = PBXBuildFile; fileRef = CACF66CEF081993A0707F1C8 /* AddressStore.m */; };
		CACF65FF4E13286C65893D7D /* MessageModel.m in Sources */ = {isa = PBXBuildFile; fileRef = CACF681D6280BF283378F36D /* MessageModel.m */; };
		CACF66B77F1880B477C1C1B7 /* SellerModel.m in Sources */ = {isa = PBXBuildFile; fileRef = CACF665740072DE42D7DF0AD /* SellerModel.m */; };
		CACF67E5307A64065B28B07D /* BuyerStore.m in Sources */ = {isa = PBXBuildFile; fileRef = CACF685481CA5955C806FB17 /* BuyerStore.m */; };
		CACF689C31E6AC392F1EE9AC /* LoginViewController.m in Sources */ = {isa = PBXBuildFile; fileRef = CACF6511DD0C6BD8BFADF5B0 /* LoginViewController.m */; };
		CACF68C3A9EB0DE8F84390C9 /* LocationModel.m in Sources */ = {isa = PBXBuildFile; fileRef = CACF627C9A43DEABC8362445 /* LocationModel.m */; };
		CACF6924C0DE4B230E4D6B20 /* LoginViewController.xib in Resources */ = {isa = PBXBuildFile; fileRef = CACF6FD6834960AFF7D03F27 /* LoginViewController.xib */; };
		CACF699CD5C227E4029B1ED3 /* MessagingViewController.m in Sources */ = {isa = PBXBuildFile; fileRef = CACF6B6A5140D39A799E564D /* MessagingViewController.m */; };
		CACF69D4FECD4671ADDDD483 /* MessagingViewController.xib in Resources */ = {isa = PBXBuildFile; fileRef = CACF62BB99C95F0B7196EDD4 /* MessagingViewController.xib */; };
		CACF69F4165E94A0B2A89B4F /* RatingModel.m in Sources */ = {isa = PBXBuildFile; fileRef = CACF619CE85D7F57148F741D /* RatingModel.m */; };
		CACF6CB883EB3019FBBC49B4 /* AccountViewController.m in Sources */ = {isa = PBXBuildFile; fileRef = CACF6F2074BA82838A457A50 /* AccountViewController.m */; };
		CACF6D7EA73F8E61CAD1ECF5 /* AddressModel.m in Sources */ = {isa = PBXBuildFile; fileRef = CACF695DA2A2FF644544EBC5 /* AddressModel.m */; };
		CACF6E3949AE00BEF5155E3E /* CompanyModel.m in Sources */ = {isa = PBXBuildFile; fileRef = CACF6046B99B8648432259D8 /* CompanyModel.m */; };
		CACF6E3AFAC66F4BE8ECDD66 /* SellerItemModel.m in Sources */ = {isa = PBXBuildFile; fileRef = CACF6070269A47A446B2D7AD /* SellerItemModel.m */; };
		CACF6EB698F5C47329D273FC /* Json.m in Sources */ = {isa = PBXBuildFile; fileRef = CACF67FE235854A42AE4473A /* Json.m */; };
		CACF6ECB6DFB0226A6BC7712 /* UserStore.m in Sources */ = {isa = PBXBuildFile; fileRef = CACF66B60163B755C291ABF6 /* UserStore.m */; };
		CACF6ECE47A8C33DD2E89C0A /* Url.m in Sources */ = {isa = PBXBuildFile; fileRef = CACF6F47CF4B10066BAC338C /* Url.m */; };
		F8AF78441E58CADB005E7690 /* main.m in Sources */ = {isa = PBXBuildFile; fileRef = F8AF78431E58CADB005E7690 /* main.m */; };
		F8AF78471E58CADB005E7690 /* AppDelegate.m in Sources */ = {isa = PBXBuildFile; fileRef = F8AF78461E58CADB005E7690 /* AppDelegate.m */; };
		F8AF784F1E58CADB005E7690 /* Assets.xcassets in Resources */ = {isa = PBXBuildFile; fileRef = F8AF784E1E58CADB005E7690 /* Assets.xcassets */; };
		F8AF78521E58CADB005E7690 /* LaunchScreen.storyboard in Resources */ = {isa = PBXBuildFile; fileRef = F8AF78501E58CADB005E7690 /* LaunchScreen.storyboard */; };
		F8AF788A1E59E51B005E7690 /* SearchModel.m in Sources */ = {isa = PBXBuildFile; fileRef = F8AF78891E59E51B005E7690 /* SearchModel.m */; };
		F8AF78911E59E8ED005E7690 /* SearchStore.m in Sources */ = {isa = PBXBuildFile; fileRef = F8AF78901E59E8ED005E7690 /* SearchStore.m */; };
		F8AF78941E59F3E2005E7690 /* ItemModel.m in Sources */ = {isa = PBXBuildFile; fileRef = F8AF78931E59F3E2005E7690 /* ItemModel.m */; };
		F8AF78971E59F3EC005E7690 /* ItemStore.m in Sources */ = {isa = PBXBuildFile; fileRef = F8AF78961E59F3EC005E7690 /* ItemStore.m */; };
		F8B27AF91E60C37100DE47CB /* CreateAddressViewController.m in Sources */ = {isa = PBXBuildFile; fileRef = F8B27AF71E60C37100DE47CB /* CreateAddressViewController.m */; };
		F8B27AFA1E60C37100DE47CB /* CreateAddressViewController.xib in Resources */ = {isa = PBXBuildFile; fileRef = F8B27AF81E60C37100DE47CB /* CreateAddressViewController.xib */; };
		F8B27AFE1E60C38700DE47CB /* CreateBillingViewController.m in Sources */ = {isa = PBXBuildFile; fileRef = F8B27AFC1E60C38700DE47CB /* CreateBillingViewController.m */; };
		F8B27AFF1E60C38700DE47CB /* CreateBillingViewController.xib in Resources */ = {isa = PBXBuildFile; fileRef = F8B27AFD1E60C38700DE47CB /* CreateBillingViewController.xib */; };
		F8B27B061E60C3B200DE47CB /* CreateUserViewController.m in Sources */ = {isa = PBXBuildFile; fileRef = F8B27B041E60C3B200DE47CB /* CreateUserViewController.m */; };
		F8B27B071E60C3B200DE47CB /* CreateUserViewController.xib in Resources */ = {isa = PBXBuildFile; fileRef = F8B27B051E60C3B200DE47CB /* CreateUserViewController.xib */; };
/* End PBXBuildFile section */

/* Begin PBXFileReference section */
		066BD5414EB266C6A9D43180 /* Pods-classifieds.release.xcconfig */ = {isa = PBXFileReference; includeInIndex = 1; lastKnownFileType = text.xcconfig; name = "Pods-classifieds.release.xcconfig"; path = "Pods/Target Support Files/Pods-classifieds/Pods-classifieds.release.xcconfig"; sourceTree = "<group>"; };
		CACF6046B99B8648432259D8 /* CompanyModel.m */ = {isa = PBXFileReference; fileEncoding = 4; lastKnownFileType = sourcecode.c.objc; path = CompanyModel.m; sourceTree = "<group>"; };
		CACF605F2B26089453093A3F /* CompanyModel.h */ = {isa = PBXFileReference; fileEncoding = 4; lastKnownFileType = sourcecode.c.h; path = CompanyModel.h; sourceTree = "<group>"; };
		CACF6070269A47A446B2D7AD /* SellerItemModel.m */ = {isa = PBXFileReference; fileEncoding = 4; lastKnownFileType = sourcecode.c.objc; path = SellerItemModel.m; sourceTree = "<group>"; };
		CACF61694DE3AF749D5AC2E6 /* AddressStore.h */ = {isa = PBXFileReference; fileEncoding = 4; lastKnownFileType = sourcecode.c.h; path = AddressStore.h; sourceTree = "<group>"; };
		CACF6176F661B11F96884B87 /* BuyerModel.m */ = {isa = PBXFileReference; fileEncoding = 4; lastKnownFileType = sourcecode.c.objc; path = BuyerModel.m; sourceTree = "<group>"; };
		CACF619CE85D7F57148F741D /* RatingModel.m */ = {isa = PBXFileReference; fileEncoding = 4; lastKnownFileType = sourcecode.c.objc; path = RatingModel.m; sourceTree = "<group>"; };
		CACF619D0E16182D138C73AB /* BuyerModel.h */ = {isa = PBXFileReference; fileEncoding = 4; lastKnownFileType = sourcecode.c.h; path = BuyerModel.h; sourceTree = "<group>"; };
		CACF61ED662AF68BCE629127 /* SellerItemModel.h */ = {isa = PBXFileReference; fileEncoding = 4; lastKnownFileType = sourcecode.c.h; path = SellerItemModel.h; sourceTree = "<group>"; };
		CACF624AB488C745ED22FF81 /* SearchHistoryViewController.m */ = {isa = PBXFileReference; fileEncoding = 4; lastKnownFileType = sourcecode.c.objc; path = SearchHistoryViewController.m; sourceTree = "<group>"; };
		CACF627C9A43DEABC8362445 /* LocationModel.m */ = {isa = PBXFileReference; fileEncoding = 4; lastKnownFileType = sourcecode.c.objc; path = LocationModel.m; sourceTree = "<group>"; };
		CACF62BB99C95F0B7196EDD4 /* MessagingViewController.xib */ = {isa = PBXFileReference; lastKnownFileType = file.xib; path = MessagingViewController.xib; sourceTree = "<group>"; };
		CACF630C61D6B815A30EB199 /* Token.m */ = {isa = PBXFileReference; fileEncoding = 4; lastKnownFileType = sourcecode.c.objc; path = Token.m; sourceTree = "<group>"; };
		CACF63123CC6D97180CC1EE8 /* Token.h */ = {isa = PBXFileReference; fileEncoding = 4; lastKnownFileType = sourcecode.c.h; path = Token.h; sourceTree = "<group>"; };
		CACF63D1EF30BD8439E9B617 /* BuyerStore.h */ = {isa = PBXFileReference; fileEncoding = 4; lastKnownFileType = sourcecode.c.h; path = BuyerStore.h; sourceTree = "<group>"; };
		CACF6411BEF3C8EC3E76901B /* BillingModel.m */ = {isa = PBXFileReference; fileEncoding = 4; lastKnownFileType = sourcecode.c.objc; path = BillingModel.m; sourceTree = "<group>"; };
		CACF6429EA65DE7147126ED8 /* RatingModel.h */ = {isa = PBXFileReference; fileEncoding = 4; lastKnownFileType = sourcecode.c.h; path = RatingModel.h; sourceTree = "<group>"; };
		CACF642A2220E730B921F179 /* UserModel.m */ = {isa = PBXFileReference; fileEncoding = 4; lastKnownFileType = sourcecode.c.objc; path = UserModel.m; sourceTree = "<group>"; };
		CACF6465D944918D7D0F1FDA /* Json.h */ = {isa = PBXFileReference; fileEncoding = 4; lastKnownFileType = sourcecode.c.h; path = Json.h; sourceTree = "<group>"; };
		CACF646A1699E503FE4E9741 /* Url.h */ = {isa = PBXFileReference; fileEncoding = 4; lastKnownFileType = sourcecode.c.h; path = Url.h; sourceTree = "<group>"; };
		CACF6511DD0C6BD8BFADF5B0 /* LoginViewController.m */ = {isa = PBXFileReference; fileEncoding = 4; lastKnownFileType = sourcecode.c.objc; path = LoginViewController.m; sourceTree = "<group>"; };
		CACF652F0198CFA851F51462 /* LocationModel.h */ = {isa = PBXFileReference; fileEncoding = 4; lastKnownFileType = sourcecode.c.h; path = LocationModel.h; sourceTree = "<group>"; };
		CACF65318C24B144006201D3 /* SearchResultViewController.m */ = {isa = PBXFileReference; fileEncoding = 4; lastKnownFileType = sourcecode.c.objc; path = SearchResultViewController.m; sourceTree = "<group>"; };
		CACF653BD25BCAB5788EED84 /* OrderModel.h */ = {isa = PBXFileReference; fileEncoding = 4; lastKnownFileType = sourcecode.c.h; path = OrderModel.h; sourceTree = "<group>"; };
		CACF66150843CEBE0572D77E /* OrderViewController.h */ = {isa = PBXFileReference; fileEncoding = 4; lastKnownFileType = sourcecode.c.h; path = OrderViewController.h; sourceTree = "<group>"; };
		CACF665740072DE42D7DF0AD /* SellerModel.m */ = {isa = PBXFileReference; fileEncoding = 4; lastKnownFileType = sourcecode.c.objc; path = SellerModel.m; sourceTree = "<group>"; };
		CACF66A3BF33EAB0726736A6 /* MessagingViewController.h */ = {isa = PBXFileReference; fileEncoding = 4; lastKnownFileType = sourcecode.c.h; path = MessagingViewController.h; sourceTree = "<group>"; };
		CACF66B60163B755C291ABF6 /* UserStore.m */ = {isa = PBXFileReference; fileEncoding = 4; lastKnownFileType = sourcecode.c.objc; path = UserStore.m; sourceTree = "<group>"; };
		CACF66CEF081993A0707F1C8 /* AddressStore.m */ = {isa = PBXFileReference; fileEncoding = 4; lastKnownFileType = sourcecode.c.objc; path = AddressStore.m; sourceTree = "<group>"; };
		CACF67E2DA1DF28169D2915D /* AccountViewController.h */ = {isa = PBXFileReference; fileEncoding = 4; lastKnownFileType = sourcecode.c.h; path = AccountViewController.h; sourceTree = "<group>"; };
		CACF67FE235854A42AE4473A /* Json.m */ = {isa = PBXFileReference; fileEncoding = 4; lastKnownFileType = sourcecode.c.objc; path = Json.m; sourceTree = "<group>"; };
		CACF6809D266D949D1E2DDFF /* BillingStore.m */ = {isa = PBXFileReference; fileEncoding = 4; lastKnownFileType = sourcecode.c.objc; path = BillingStore.m; sourceTree = "<group>"; };
		CACF681D6280BF283378F36D /* MessageModel.m */ = {isa = PBXFileReference; fileEncoding = 4; lastKnownFileType = sourcecode.c.objc; path = MessageModel.m; sourceTree = "<group>"; };
		CACF685481CA5955C806FB17 /* BuyerStore.m */ = {isa = PBXFileReference; fileEncoding = 4; lastKnownFileType = sourcecode.c.objc; path = BuyerStore.m; sourceTree = "<group>"; };
		CACF6905ABBEDAAE36A23B96 /* OrderViewController.m */ = {isa = PBXFileReference; fileEncoding = 4; lastKnownFileType = sourcecode.c.objc; path = OrderViewController.m; sourceTree = "<group>"; };
		CACF691CFF70897964854052 /* SearchResultViewController.h */ = {isa = PBXFileReference; fileEncoding = 4; lastKnownFileType = sourcecode.c.h; path = SearchResultViewController.h; sourceTree = "<group>"; };
		CACF695DA2A2FF644544EBC5 /* AddressModel.m */ = {isa = PBXFileReference; fileEncoding = 4; lastKnownFileType = sourcecode.c.objc; path = AddressModel.m; sourceTree = "<group>"; };
		CACF69DBCF1C2B4FFF8D504E /* SearchViewController.xib */ = {isa = PBXFileReference; lastKnownFileType = file.xib; path = SearchViewController.xib; sourceTree = "<group>"; };
		CACF6A5EC50648E68580E30E /* BillingModel.h */ = {isa = PBXFileReference; fileEncoding = 4; lastKnownFileType = sourcecode.c.h; path = BillingModel.h; sourceTree = "<group>"; };
		CACF6A9C4DD94B992A19CCBC /* AddressModel.h */ = {isa = PBXFileReference; fileEncoding = 4; lastKnownFileType = sourcecode.c.h; path = AddressModel.h; sourceTree = "<group>"; };
		CACF6AC596DF06C9CF0A64DF /* OrderModel.m */ = {isa = PBXFileReference; fileEncoding = 4; lastKnownFileType = sourcecode.c.objc; path = OrderModel.m; sourceTree = "<group>"; };
		CACF6AF833D7C9B45C71C349 /* UserStore.h */ = {isa = PBXFileReference; fileEncoding = 4; lastKnownFileType = sourcecode.c.h; path = UserStore.h; sourceTree = "<group>"; };
		CACF6B6A5140D39A799E564D /* MessagingViewController.m */ = {isa = PBXFileReference; fileEncoding = 4; lastKnownFileType = sourcecode.c.objc; path = MessagingViewController.m; sourceTree = "<group>"; };
		CACF6C56737D314215BEE6FD /* MessageModel.h */ = {isa = PBXFileReference; fileEncoding = 4; lastKnownFileType = sourcecode.c.h; path = MessageModel.h; sourceTree = "<group>"; };
		CACF6CF5C744B482757532A1 /* UserModel.h */ = {isa = PBXFileReference; fileEncoding = 4; lastKnownFileType = sourcecode.c.h; path = UserModel.h; sourceTree = "<group>"; };
		CACF6D0AA07F5744713D5241 /* SearchViewController.m */ = {isa = PBXFileReference; fileEncoding = 4; lastKnownFileType = sourcecode.c.objc; path = SearchViewController.m; sourceTree = "<group>"; };
		CACF6DA4F5E74E7A24376B7C /* LoginViewController.h */ = {isa = PBXFileReference; fileEncoding = 4; lastKnownFileType = sourcecode.c.h; path = LoginViewController.h; sourceTree = "<group>"; };
		CACF6E8E0E852E04EFB76773 /* BillingStore.h */ = {isa = PBXFileReference; fileEncoding = 4; lastKnownFileType = sourcecode.c.h; path = BillingStore.h; sourceTree = "<group>"; };
		CACF6ECC3D3BEDE05F8C4F34 /* SellerModel.h */ = {isa = PBXFileReference; fileEncoding = 4; lastKnownFileType = sourcecode.c.h; path = SellerModel.h; sourceTree = "<group>"; };
		CACF6EF274188D5EC5307340 /* SearchHistoryViewController.h */ = {isa = PBXFileReference; fileEncoding = 4; lastKnownFileType = sourcecode.c.h; path = SearchHistoryViewController.h; sourceTree = "<group>"; };
		CACF6F2074BA82838A457A50 /* AccountViewController.m */ = {isa = PBXFileReference; fileEncoding = 4; lastKnownFileType = sourcecode.c.objc; path = AccountViewController.m; sourceTree = "<group>"; };
		CACF6F47CF4B10066BAC338C /* Url.m */ = {isa = PBXFileReference; fileEncoding = 4; lastKnownFileType = sourcecode.c.objc; path = Url.m; sourceTree = "<group>"; };
		CACF6FD6834960AFF7D03F27 /* LoginViewController.xib */ = {isa = PBXFileReference; lastKnownFileType = file.xib; path = LoginViewController.xib; sourceTree = "<group>"; };
		CACF6FD6C2C076C1F02846B0 /* SearchViewController.h */ = {isa = PBXFileReference; fileEncoding = 4; lastKnownFileType = sourcecode.c.h; path = SearchViewController.h; sourceTree = "<group>"; };
		EA6E128CF4F16D405BB01353 /* libPods-classifieds.a */ = {isa = PBXFileReference; explicitFileType = archive.ar; includeInIndex = 0; path = "libPods-classifieds.a"; sourceTree = BUILT_PRODUCTS_DIR; };
		F8AF783F1E58CADB005E7690 /* classifieds.app */ = {isa = PBXFileReference; explicitFileType = wrapper.application; includeInIndex = 0; path = classifieds.app; sourceTree = BUILT_PRODUCTS_DIR; };
		F8AF78431E58CADB005E7690 /* main.m */ = {isa = PBXFileReference; lastKnownFileType = sourcecode.c.objc; path = main.m; sourceTree = "<group>"; };
		F8AF78451E58CADB005E7690 /* AppDelegate.h */ = {isa = PBXFileReference; lastKnownFileType = sourcecode.c.h; path = AppDelegate.h; sourceTree = "<group>"; };
		F8AF78461E58CADB005E7690 /* AppDelegate.m */ = {isa = PBXFileReference; lastKnownFileType = sourcecode.c.objc; path = AppDelegate.m; sourceTree = "<group>"; };
		F8AF784E1E58CADB005E7690 /* Assets.xcassets */ = {isa = PBXFileReference; lastKnownFileType = folder.assetcatalog; path = Assets.xcassets; sourceTree = "<group>"; };
		F8AF78511E58CADB005E7690 /* Base */ = {isa = PBXFileReference; lastKnownFileType = file.storyboard; name = Base; path = Base.lproj/LaunchScreen.storyboard; sourceTree = "<group>"; };
		F8AF78531E58CADB005E7690 /* Info.plist */ = {isa = PBXFileReference; lastKnownFileType = text.plist.xml; path = Info.plist; sourceTree = "<group>"; };
		F8AF78881E59E51B005E7690 /* SearchModel.h */ = {isa = PBXFileReference; fileEncoding = 4; lastKnownFileType = sourcecode.c.h; path = SearchModel.h; sourceTree = "<group>"; };
		F8AF78891E59E51B005E7690 /* SearchModel.m */ = {isa = PBXFileReference; fileEncoding = 4; lastKnownFileType = sourcecode.c.objc; path = SearchModel.m; sourceTree = "<group>"; };
		F8AF788F1E59E8ED005E7690 /* SearchStore.h */ = {isa = PBXFileReference; fileEncoding = 4; lastKnownFileType = sourcecode.c.h; path = SearchStore.h; sourceTree = "<group>"; };
		F8AF78901E59E8ED005E7690 /* SearchStore.m */ = {isa = PBXFileReference; fileEncoding = 4; lastKnownFileType = sourcecode.c.objc; path = SearchStore.m; sourceTree = "<group>"; };
		F8AF78921E59F3E2005E7690 /* ItemModel.h */ = {isa = PBXFileReference; fileEncoding = 4; lastKnownFileType = sourcecode.c.h; path = ItemModel.h; sourceTree = "<group>"; };
		F8AF78931E59F3E2005E7690 /* ItemModel.m */ = {isa = PBXFileReference; fileEncoding = 4; lastKnownFileType = sourcecode.c.objc; path = ItemModel.m; sourceTree = "<group>"; };
		F8AF78951E59F3EC005E7690 /* ItemStore.h */ = {isa = PBXFileReference; fileEncoding = 4; lastKnownFileType = sourcecode.c.h; path = ItemStore.h; sourceTree = "<group>"; };
		F8AF78961E59F3EC005E7690 /* ItemStore.m */ = {isa = PBXFileReference; fileEncoding = 4; lastKnownFileType = sourcecode.c.objc; path = ItemStore.m; sourceTree = "<group>"; };
		F8B27AF61E60C37100DE47CB /* CreateAddressViewController.h */ = {isa = PBXFileReference; fileEncoding = 4; lastKnownFileType = sourcecode.c.h; path = CreateAddressViewController.h; sourceTree = "<group>"; };
		F8B27AF71E60C37100DE47CB /* CreateAddressViewController.m */ = {isa = PBXFileReference; fileEncoding = 4; lastKnownFileType = sourcecode.c.objc; path = CreateAddressViewController.m; sourceTree = "<group>"; };
		F8B27AF81E60C37100DE47CB /* CreateAddressViewController.xib */ = {isa = PBXFileReference; fileEncoding = 4; lastKnownFileType = file.xib; path = CreateAddressViewController.xib; sourceTree = "<group>"; };
		F8B27AFB1E60C38700DE47CB /* CreateBillingViewController.h */ = {isa = PBXFileReference; fileEncoding = 4; lastKnownFileType = sourcecode.c.h; path = CreateBillingViewController.h; sourceTree = "<group>"; };
		F8B27AFC1E60C38700DE47CB /* CreateBillingViewController.m */ = {isa = PBXFileReference; fileEncoding = 4; lastKnownFileType = sourcecode.c.objc; path = CreateBillingViewController.m; sourceTree = "<group>"; };
		F8B27AFD1E60C38700DE47CB /* CreateBillingViewController.xib */ = {isa = PBXFileReference; fileEncoding = 4; lastKnownFileType = file.xib; path = CreateBillingViewController.xib; sourceTree = "<group>"; };
		F8B27B031E60C3B200DE47CB /* CreateUserViewController.h */ = {isa = PBXFileReference; fileEncoding = 4; lastKnownFileType = sourcecode.c.h; path = CreateUserViewController.h; sourceTree = "<group>"; };
		F8B27B041E60C3B200DE47CB /* CreateUserViewController.m */ = {isa = PBXFileReference; fileEncoding = 4; lastKnownFileType = sourcecode.c.objc; path = CreateUserViewController.m; sourceTree = "<group>"; };
		F8B27B051E60C3B200DE47CB /* CreateUserViewController.xib */ = {isa = PBXFileReference; fileEncoding = 4; lastKnownFileType = file.xib; path = CreateUserViewController.xib; sourceTree = "<group>"; };
		FFA4EFCD481CD63659E001CD /* Pods-classifieds.debug.xcconfig */ = {isa = PBXFileReference; includeInIndex = 1; lastKnownFileType = text.xcconfig; name = "Pods-classifieds.debug.xcconfig"; path = "Pods/Target Support Files/Pods-classifieds/Pods-classifieds.debug.xcconfig"; sourceTree = "<group>"; };
/* End PBXFileReference section */

/* Begin PBXFrameworksBuildPhase section */
		F8AF783C1E58CADB005E7690 /* Frameworks */ = {
			isa = PBXFrameworksBuildPhase;
			buildActionMask = 2147483647;
			files = (
				7F023F8B5D3654A59AEF315F /* libPods-classifieds.a in Frameworks */,
			);
			runOnlyForDeploymentPostprocessing = 0;
		};
/* End PBXFrameworksBuildPhase section */

/* Begin PBXGroup section */
		68AB7514FFE5FBEB0F8EE67E /* Frameworks */ = {
			isa = PBXGroup;
			children = (
				EA6E128CF4F16D405BB01353 /* libPods-classifieds.a */,
			);
			name = Frameworks;
			sourceTree = "<group>";
		};
		A6CAF4EF700E4A0D840A0C9F /* Pods */ = {
			isa = PBXGroup;
			children = (
				FFA4EFCD481CD63659E001CD /* Pods-classifieds.debug.xcconfig */,
				066BD5414EB266C6A9D43180 /* Pods-classifieds.release.xcconfig */,
			);
			name = Pods;
			sourceTree = "<group>";
		};
		CACF635680E62EB5798E272F /* create */ = {
			isa = PBXGroup;
			children = (
				F8B27AF61E60C37100DE47CB /* CreateAddressViewController.h */,
				F8B27AF71E60C37100DE47CB /* CreateAddressViewController.m */,
				F8B27AF81E60C37100DE47CB /* CreateAddressViewController.xib */,
				F8B27AFB1E60C38700DE47CB /* CreateBillingViewController.h */,
				F8B27AFC1E60C38700DE47CB /* CreateBillingViewController.m */,
				F8B27AFD1E60C38700DE47CB /* CreateBillingViewController.xib */,
				F8B27B031E60C3B200DE47CB /* CreateUserViewController.h */,
				F8B27B041E60C3B200DE47CB /* CreateUserViewController.m */,
				F8B27B051E60C3B200DE47CB /* CreateUserViewController.xib */,
			);
			path = create;
			sourceTree = "<group>";
		};
		CACF638A4541AC47916A08A3 /* search */ = {
			isa = PBXGroup;
			children = (
				CACF62BB99C95F0B7196EDD4 /* MessagingViewController.xib */,
				CACF691CFF70897964854052 /* SearchResultViewController.h */,
				CACF69DBCF1C2B4FFF8D504E /* SearchViewController.xib */,
				CACF65318C24B144006201D3 /* SearchResultViewController.m */,
				CACF6FD6C2C076C1F02846B0 /* SearchViewController.h */,
				CACF66A3BF33EAB0726736A6 /* MessagingViewController.h */,
				CACF6D0AA07F5744713D5241 /* SearchViewController.m */,
				CACF6B6A5140D39A799E564D /* MessagingViewController.m */,
				CACF6EF274188D5EC5307340 /* SearchHistoryViewController.h */,
				CACF624AB488C745ED22FF81 /* SearchHistoryViewController.m */,
			);
			path = search;
			sourceTree = "<group>";
		};
		CACF65FA764CC9B7A6FAB9BD /* order */ = {
			isa = PBXGroup;
			children = (
				CACF66150843CEBE0572D77E /* OrderViewController.h */,
				CACF6905ABBEDAAE36A23B96 /* OrderViewController.m */,
			);
			path = order;
			sourceTree = "<group>";
		};
		CACF6A3001656BF4588949BE /* account */ = {
			isa = PBXGroup;
			children = (
				CACF6F2074BA82838A457A50 /* AccountViewController.m */,
				CACF67E2DA1DF28169D2915D /* AccountViewController.h */,
			);
			path = account;
			sourceTree = "<group>";
		};
		CACF6A68B8F0C009F27A6384 /* models */ = {
			isa = PBXGroup;
			children = (
				F8AF78881E59E51B005E7690 /* SearchModel.h */,
				F8AF78891E59E51B005E7690 /* SearchModel.m */,
				F8AF78921E59F3E2005E7690 /* ItemModel.h */,
				F8AF78931E59F3E2005E7690 /* ItemModel.m */,
				CACF6176F661B11F96884B87 /* BuyerModel.m */,
				CACF619D0E16182D138C73AB /* BuyerModel.h */,
				CACF695DA2A2FF644544EBC5 /* AddressModel.m */,
				CACF6A9C4DD94B992A19CCBC /* AddressModel.h */,
				CACF6411BEF3C8EC3E76901B /* BillingModel.m */,
				CACF6A5EC50648E68580E30E /* BillingModel.h */,
				CACF6046B99B8648432259D8 /* CompanyModel.m */,
				CACF605F2B26089453093A3F /* CompanyModel.h */,
				CACF627C9A43DEABC8362445 /* LocationModel.m */,
				CACF652F0198CFA851F51462 /* LocationModel.h */,
				CACF681D6280BF283378F36D /* MessageModel.m */,
				CACF6C56737D314215BEE6FD /* MessageModel.h */,
				CACF6AC596DF06C9CF0A64DF /* OrderModel.m */,
				CACF653BD25BCAB5788EED84 /* OrderModel.h */,
				CACF619CE85D7F57148F741D /* RatingModel.m */,
				CACF6429EA65DE7147126ED8 /* RatingModel.h */,
				CACF6070269A47A446B2D7AD /* SellerItemModel.m */,
				CACF61ED662AF68BCE629127 /* SellerItemModel.h */,
				CACF665740072DE42D7DF0AD /* SellerModel.m */,
				CACF6ECC3D3BEDE05F8C4F34 /* SellerModel.h */,
				CACF642A2220E730B921F179 /* UserModel.m */,
				CACF6CF5C744B482757532A1 /* UserModel.h */,
			);
			path = models;
			sourceTree = "<group>";
		};
		CACF6B521BF626BA5C2223CE /* views */ = {
			isa = PBXGroup;
			children = (
				CACF6CB2B5E522D53BD34022 /* login */,
				CACF638A4541AC47916A08A3 /* search */,
				CACF65FA764CC9B7A6FAB9BD /* order */,
				CACF6A3001656BF4588949BE /* account */,
				CACF635680E62EB5798E272F /* create */,
			);
			path = views;
			sourceTree = "<group>";
		};
		CACF6CB2B5E522D53BD34022 /* login */ = {
			isa = PBXGroup;
			children = (
				CACF6DA4F5E74E7A24376B7C /* LoginViewController.h */,
				CACF6511DD0C6BD8BFADF5B0 /* LoginViewController.m */,
				CACF6FD6834960AFF7D03F27 /* LoginViewController.xib */,
			);
			path = login;
			sourceTree = "<group>";
		};
		CACF6FB0254C0DBEEB38204A /* util */ = {
			isa = PBXGroup;
			children = (
				CACF67FE235854A42AE4473A /* Json.m */,
				CACF6465D944918D7D0F1FDA /* Json.h */,
				CACF630C61D6B815A30EB199 /* Token.m */,
				CACF63123CC6D97180CC1EE8 /* Token.h */,
				CACF6F47CF4B10066BAC338C /* Url.m */,
				CACF646A1699E503FE4E9741 /* Url.h */,
			);
			path = util;
			sourceTree = "<group>";
		};
		F8AF78361E58CADB005E7690 = {
			isa = PBXGroup;
			children = (
				F8AF78411E58CADB005E7690 /* classifieds */,
				F8AF78401E58CADB005E7690 /* Products */,
				A6CAF4EF700E4A0D840A0C9F /* Pods */,
				68AB7514FFE5FBEB0F8EE67E /* Frameworks */,
			);
			sourceTree = "<group>";
		};
		F8AF78401E58CADB005E7690 /* Products */ = {
			isa = PBXGroup;
			children = (
				F8AF783F1E58CADB005E7690 /* classifieds.app */,
			);
			name = Products;
			sourceTree = "<group>";
		};
		F8AF78411E58CADB005E7690 /* classifieds */ = {
			isa = PBXGroup;
			children = (
				F8AF78451E58CADB005E7690 /* AppDelegate.h */,
				F8AF78461E58CADB005E7690 /* AppDelegate.m */,
				F8AF784E1E58CADB005E7690 /* Assets.xcassets */,
				F8AF78531E58CADB005E7690 /* Info.plist */,
				F8AF78501E58CADB005E7690 /* LaunchScreen.storyboard */,
				CACF6A68B8F0C009F27A6384 /* models */,
				F8AF788E1E59E8D5005E7690 /* stores */,
				F8AF78421E58CADB005E7690 /* Supporting Files */,
				CACF6B521BF626BA5C2223CE /* views */,
				CACF6FB0254C0DBEEB38204A /* util */,
			);
			path = classifieds;
			sourceTree = "<group>";
		};
		F8AF78421E58CADB005E7690 /* Supporting Files */ = {
			isa = PBXGroup;
			children = (
				F8AF78431E58CADB005E7690 /* main.m */,
			);
			name = "Supporting Files";
			sourceTree = "<group>";
		};
		F8AF788E1E59E8D5005E7690 /* stores */ = {
			isa = PBXGroup;
			children = (
				F8AF788F1E59E8ED005E7690 /* SearchStore.h */,
				F8AF78901E59E8ED005E7690 /* SearchStore.m */,
				F8AF78951E59F3EC005E7690 /* ItemStore.h */,
				F8AF78961E59F3EC005E7690 /* ItemStore.m */,
				CACF685481CA5955C806FB17 /* BuyerStore.m */,
				CACF63D1EF30BD8439E9B617 /* BuyerStore.h */,
				CACF66CEF081993A0707F1C8 /* AddressStore.m */,
				CACF61694DE3AF749D5AC2E6 /* AddressStore.h */,
				CACF6809D266D949D1E2DDFF /* BillingStore.m */,
				CACF6E8E0E852E04EFB76773 /* BillingStore.h */,
				CACF66B60163B755C291ABF6 /* UserStore.m */,
				CACF6AF833D7C9B45C71C349 /* UserStore.h */,
			);
			name = stores;
			sourceTree = "<group>";
		};
/* End PBXGroup section */

/* Begin PBXNativeTarget section */
		F8AF783E1E58CADB005E7690 /* classifieds */ = {
			isa = PBXNativeTarget;
			buildConfigurationList = F8AF78561E58CADC005E7690 /* Build configuration list for PBXNativeTarget "classifieds" */;
			buildPhases = (
				AD9A9AAF976CFF960CECE3C3 /* [CP] Check Pods Manifest.lock */,
				F8AF783B1E58CADB005E7690 /* Sources */,
				F8AF783C1E58CADB005E7690 /* Frameworks */,
				F8AF783D1E58CADB005E7690 /* Resources */,
				F2823EF376CF9AD332ED5946 /* [CP] Embed Pods Frameworks */,
				09FE227716CD015D0970C994 /* [CP] Copy Pods Resources */,
			);
			buildRules = (
			);
			dependencies = (
			);
			name = classifieds;
			productName = classifieds;
			productReference = F8AF783F1E58CADB005E7690 /* classifieds.app */;
			productType = "com.apple.product-type.application";
		};
/* End PBXNativeTarget section */

/* Begin PBXProject section */
		F8AF78371E58CADB005E7690 /* Project object */ = {
			isa = PBXProject;
			attributes = {
				LastUpgradeCheck = 0730;
				ORGANIZATIONNAME = "Stefan Kramreither";
				TargetAttributes = {
					F8AF783E1E58CADB005E7690 = {
						CreatedOnToolsVersion = 7.3;
						DevelopmentTeam = C9QPAKAKR6;
					};
				};
			};
			buildConfigurationList = F8AF783A1E58CADB005E7690 /* Build configuration list for PBXProject "classifieds" */;
			compatibilityVersion = "Xcode 3.2";
			developmentRegion = English;
			hasScannedForEncodings = 0;
			knownRegions = (
				en,
				Base,
			);
			mainGroup = F8AF78361E58CADB005E7690;
			productRefGroup = F8AF78401E58CADB005E7690 /* Products */;
			projectDirPath = "";
			projectRoot = "";
			targets = (
				F8AF783E1E58CADB005E7690 /* classifieds */,
			);
		};
/* End PBXProject section */

/* Begin PBXResourcesBuildPhase section */
		F8AF783D1E58CADB005E7690 /* Resources */ = {
			isa = PBXResourcesBuildPhase;
			buildActionMask = 2147483647;
			files = (
				F8AF78521E58CADB005E7690 /* LaunchScreen.storyboard in Resources */,
				F8AF784F1E58CADB005E7690 /* Assets.xcassets in Resources */,
				CACF6924C0DE4B230E4D6B20 /* LoginViewController.xib in Resources */,
				F8B27B071E60C3B200DE47CB /* CreateUserViewController.xib in Resources */,
				CACF69D4FECD4671ADDDD483 /* MessagingViewController.xib in Resources */,
				F8B27AFF1E60C38700DE47CB /* CreateBillingViewController.xib in Resources */,
				CACF63E4B8F1146FC23F6631 /* SearchViewController.xib in Resources */,
				F8B27AFA1E60C37100DE47CB /* CreateAddressViewController.xib in Resources */,
			);
			runOnlyForDeploymentPostprocessing = 0;
		};
/* End PBXResourcesBuildPhase section */

/* Begin PBXShellScriptBuildPhase section */
		09FE227716CD015D0970C994 /* [CP] Copy Pods Resources */ = {
			isa = PBXShellScriptBuildPhase;
			buildActionMask = 2147483647;
			files = (
			);
			inputPaths = (
			);
			name = "[CP] Copy Pods Resources";
			outputPaths = (
			);
			runOnlyForDeploymentPostprocessing = 0;
			shellPath = /bin/sh;
			shellScript = "\"${SRCROOT}/Pods/Target Support Files/Pods-classifieds/Pods-classifieds-resources.sh\"\n";
			showEnvVarsInLog = 0;
		};
		AD9A9AAF976CFF960CECE3C3 /* [CP] Check Pods Manifest.lock */ = {
			isa = PBXShellScriptBuildPhase;
			buildActionMask = 2147483647;
			files = (
			);
			inputPaths = (
			);
			name = "[CP] Check Pods Manifest.lock";
			outputPaths = (
			);
			runOnlyForDeploymentPostprocessing = 0;
			shellPath = /bin/sh;
			shellScript = "diff \"${PODS_ROOT}/../Podfile.lock\" \"${PODS_ROOT}/Manifest.lock\" > /dev/null\nif [ $? != 0 ] ; then\n    # print error to STDERR\n    echo \"error: The sandbox is not in sync with the Podfile.lock. Run 'pod install' or update your CocoaPods installation.\" >&2\n    exit 1\nfi\n";
			showEnvVarsInLog = 0;
		};
		F2823EF376CF9AD332ED5946 /* [CP] Embed Pods Frameworks */ = {
			isa = PBXShellScriptBuildPhase;
			buildActionMask = 2147483647;
			files = (
			);
			inputPaths = (
			);
			name = "[CP] Embed Pods Frameworks";
			outputPaths = (
			);
			runOnlyForDeploymentPostprocessing = 0;
			shellPath = /bin/sh;
			shellScript = "\"${SRCROOT}/Pods/Target Support Files/Pods-classifieds/Pods-classifieds-frameworks.sh\"\n";
			showEnvVarsInLog = 0;
		};
/* End PBXShellScriptBuildPhase section */

/* Begin PBXSourcesBuildPhase section */
		F8AF783B1E58CADB005E7690 /* Sources */ = {
			isa = PBXSourcesBuildPhase;
			buildActionMask = 2147483647;
			files = (
				F8B27B061E60C3B200DE47CB /* CreateUserViewController.m in Sources */,
				F8AF78971E59F3EC005E7690 /* ItemStore.m in Sources */,
				F8AF78471E58CADB005E7690 /* AppDelegate.m in Sources */,
				F8B27AFE1E60C38700DE47CB /* CreateBillingViewController.m in Sources */,
				F8AF78941E59F3E2005E7690 /* ItemModel.m in Sources */,
				F8AF78441E58CADB005E7690 /* main.m in Sources */,
				F8AF788A1E59E51B005E7690 /* SearchModel.m in Sources */,
				F8AF78911E59E8ED005E7690 /* SearchStore.m in Sources */,
				CACF6EB698F5C47329D273FC /* Json.m in Sources */,
				CACF64426720611664F28209 /* Token.m in Sources */,
				CACF6CB883EB3019FBBC49B4 /* AccountViewController.m in Sources */,
				CACF689C31E6AC392F1EE9AC /* LoginViewController.m in Sources */,
				CACF64AA0DCE523EE15F527D /* OrderViewController.m in Sources */,
				F8B27AF91E60C37100DE47CB /* CreateAddressViewController.m in Sources */,
				CACF645223529E2B03F9C30B /* SearchResultViewController.m in Sources */,
				CACF6379D708CD9D30B368F4 /* SearchViewController.m in Sources */,
				CACF699CD5C227E4029B1ED3 /* MessagingViewController.m in Sources */,
				CACF639B27BFF4E3BBF01C98 /* SearchHistoryViewController.m in Sources */,
				CACF61CDBE9487145E9AA87C /* BuyerModel.m in Sources */,
				CACF67E5307A64065B28B07D /* BuyerStore.m in Sources */,
				CACF65EB545659347F2E8C0E /* AddressStore.m in Sources */,
				CACF63C4E31A54508D807589 /* BillingStore.m in Sources */,
				CACF6D7EA73F8E61CAD1ECF5 /* AddressModel.m in Sources */,
				CACF61A28C147362BD0EE57F /* BillingModel.m in Sources */,
				CACF6E3949AE00BEF5155E3E /* CompanyModel.m in Sources */,
				CACF68C3A9EB0DE8F84390C9 /* LocationModel.m in Sources */,
				CACF65FF4E13286C65893D7D /* MessageModel.m in Sources */,
				CACF61AF343D3A82269A0FF9 /* OrderModel.m in Sources */,
				CACF69F4165E94A0B2A89B4F /* RatingModel.m in Sources */,
				CACF6E3AFAC66F4BE8ECDD66 /* SellerItemModel.m in Sources */,
				CACF66B77F1880B477C1C1B7 /* SellerModel.m in Sources */,
				CACF65E50CE7C0BF7B708197 /* UserModel.m in Sources */,
				CACF6ECB6DFB0226A6BC7712 /* UserStore.m in Sources */,
				CACF6ECE47A8C33DD2E89C0A /* Url.m in Sources */,
			);
			runOnlyForDeploymentPostprocessing = 0;
		};
/* End PBXSourcesBuildPhase section */

/* Begin PBXVariantGroup section */
		F8AF78501E58CADB005E7690 /* LaunchScreen.storyboard */ = {
			isa = PBXVariantGroup;
			children = (
				F8AF78511E58CADB005E7690 /* Base */,
			);
			name = LaunchScreen.storyboard;
			sourceTree = "<group>";
		};
/* End PBXVariantGroup section */

/* Begin XCBuildConfiguration section */
		F8AF78541E58CADC005E7690 /* Debug */ = {
			isa = XCBuildConfiguration;
			buildSettings = {
				ALWAYS_SEARCH_USER_PATHS = NO;
				CLANG_ANALYZER_NONNULL = YES;
				CLANG_CXX_LANGUAGE_STANDARD = "gnu++0x";
				CLANG_CXX_LIBRARY = "libc++";
				CLANG_ENABLE_MODULES = YES;
				CLANG_ENABLE_OBJC_ARC = YES;
				CLANG_WARN_BOOL_CONVERSION = YES;
				CLANG_WARN_CONSTANT_CONVERSION = YES;
				CLANG_WARN_DIRECT_OBJC_ISA_USAGE = YES_ERROR;
				CLANG_WARN_EMPTY_BODY = YES;
				CLANG_WARN_ENUM_CONVERSION = YES;
				CLANG_WARN_INT_CONVERSION = YES;
				CLANG_WARN_OBJC_ROOT_CLASS = YES_ERROR;
				CLANG_WARN_UNREACHABLE_CODE = YES;
				CLANG_WARN__DUPLICATE_METHOD_MATCH = YES;
				"CODE_SIGN_IDENTITY[sdk=iphoneos*]" = "iPhone Developer";
				COPY_PHASE_STRIP = NO;
				DEBUG_INFORMATION_FORMAT = dwarf;
				ENABLE_STRICT_OBJC_MSGSEND = YES;
				ENABLE_TESTABILITY = YES;
				GCC_C_LANGUAGE_STANDARD = gnu99;
				GCC_DYNAMIC_NO_PIC = NO;
				GCC_NO_COMMON_BLOCKS = YES;
				GCC_OPTIMIZATION_LEVEL = 0;
				GCC_PREPROCESSOR_DEFINITIONS = (
					"DEBUG=1",
					"$(inherited)",
				);
				GCC_WARN_64_TO_32_BIT_CONVERSION = YES;
				GCC_WARN_ABOUT_RETURN_TYPE = YES_ERROR;
				GCC_WARN_UNDECLARED_SELECTOR = YES;
				GCC_WARN_UNINITIALIZED_AUTOS = YES_AGGRESSIVE;
				GCC_WARN_UNUSED_FUNCTION = YES;
				GCC_WARN_UNUSED_VARIABLE = YES;
				IPHONEOS_DEPLOYMENT_TARGET = 9.3;
				MTL_ENABLE_DEBUG_INFO = YES;
				ONLY_ACTIVE_ARCH = YES;
				SDKROOT = iphoneos;
			};
			name = Debug;
		};
		F8AF78551E58CADC005E7690 /* Release */ = {
			isa = XCBuildConfiguration;
			buildSettings = {
				ALWAYS_SEARCH_USER_PATHS = NO;
				CLANG_ANALYZER_NONNULL = YES;
				CLANG_CXX_LANGUAGE_STANDARD = "gnu++0x";
				CLANG_CXX_LIBRARY = "libc++";
				CLANG_ENABLE_MODULES = YES;
				CLANG_ENABLE_OBJC_ARC = YES;
				CLANG_WARN_BOOL_CONVERSION = YES;
				CLANG_WARN_CONSTANT_CONVERSION = YES;
				CLANG_WARN_DIRECT_OBJC_ISA_USAGE = YES_ERROR;
				CLANG_WARN_EMPTY_BODY = YES;
				CLANG_WARN_ENUM_CONVERSION = YES;
				CLANG_WARN_INT_CONVERSION = YES;
				CLANG_WARN_OBJC_ROOT_CLASS = YES_ERROR;
				CLANG_WARN_UNREACHABLE_CODE = YES;
				CLANG_WARN__DUPLICATE_METHOD_MATCH = YES;
				"CODE_SIGN_IDENTITY[sdk=iphoneos*]" = "iPhone Developer";
				COPY_PHASE_STRIP = NO;
				DEBUG_INFORMATION_FORMAT = "dwarf-with-dsym";
				ENABLE_NS_ASSERTIONS = NO;
				ENABLE_STRICT_OBJC_MSGSEND = YES;
				GCC_C_LANGUAGE_STANDARD = gnu99;
				GCC_NO_COMMON_BLOCKS = YES;
				GCC_WARN_64_TO_32_BIT_CONVERSION = YES;
				GCC_WARN_ABOUT_RETURN_TYPE = YES_ERROR;
				GCC_WARN_UNDECLARED_SELECTOR = YES;
				GCC_WARN_UNINITIALIZED_AUTOS = YES_AGGRESSIVE;
				GCC_WARN_UNUSED_FUNCTION = YES;
				GCC_WARN_UNUSED_VARIABLE = YES;
				IPHONEOS_DEPLOYMENT_TARGET = 9.3;
				MTL_ENABLE_DEBUG_INFO = NO;
				SDKROOT = iphoneos;
				VALIDATE_PRODUCT = YES;
			};
			name = Release;
		};
		F8AF78571E58CADC005E7690 /* Debug */ = {
			isa = XCBuildConfiguration;
			baseConfigurationReference = FFA4EFCD481CD63659E001CD /* Pods-classifieds.debug.xcconfig */;
			buildSettings = {
				ASSETCATALOG_COMPILER_APPICON_NAME = AppIcon;
				CODE_SIGN_IDENTITY = "iPhone Developer";
				"CODE_SIGN_IDENTITY[sdk=iphoneos*]" = "iPhone Developer";
				INFOPLIST_FILE = classifieds/Info.plist;
				LD_RUNPATH_SEARCH_PATHS = "$(inherited) @executable_path/Frameworks";
				PRODUCT_BUNDLE_IDENTIFIER = com.stefankram.classifieds;
				PRODUCT_NAME = "$(TARGET_NAME)";
				PROVISIONING_PROFILE = "";
				USER_HEADER_SEARCH_PATHS = "\"${PROJECT_DIR}/Pods\"/**";
			};
			name = Debug;
		};
		F8AF78581E58CADC005E7690 /* Release */ = {
			isa = XCBuildConfiguration;
			baseConfigurationReference = 066BD5414EB266C6A9D43180 /* Pods-classifieds.release.xcconfig */;
			buildSettings = {
				ASSETCATALOG_COMPILER_APPICON_NAME = AppIcon;
				CODE_SIGN_IDENTITY = "iPhone Developer";
				"CODE_SIGN_IDENTITY[sdk=iphoneos*]" = "iPhone Developer";
				INFOPLIST_FILE = classifieds/Info.plist;
				LD_RUNPATH_SEARCH_PATHS = "$(inherited) @executable_path/Frameworks";
				PRODUCT_BUNDLE_IDENTIFIER = com.stefankram.classifieds;
				PRODUCT_NAME = "$(TARGET_NAME)";
				PROVISIONING_PROFILE = "";
				USER_HEADER_SEARCH_PATHS = "\"${PROJECT_DIR}/Pods\"/**";
			};
			name = Release;
		};
/* End XCBuildConfiguration section */

/* Begin XCConfigurationList section */
		F8AF783A1E58CADB005E7690 /* Build configuration list for PBXProject "classifieds" */ = {
			isa = XCConfigurationList;
			buildConfigurations = (
				F8AF78541E58CADC005E7690 /* Debug */,
				F8AF78551E58CADC005E7690 /* Release */,
			);
			defaultConfigurationIsVisible = 0;
			defaultConfigurationName = Release;
		};
		F8AF78561E58CADC005E7690 /* Build configuration list for PBXNativeTarget "classifieds" */ = {
			isa = XCConfigurationList;
			buildConfigurations = (
				F8AF78571E58CADC005E7690 /* Debug */,
				F8AF78581E58CADC005E7690 /* Release */,
			);
			defaultConfigurationIsVisible = 0;
			defaultConfigurationName = Release;
		};
/* End XCConfigurationList section */
	};
	rootObject = F8AF78371E58CADB005E7690 /* Project object */;
}
