// !$*UTF8*$!
{
	archiveVersion = 1;
	classes = {
	};
	objectVersion = 46;
	objects = {

/* Begin PBXBuildFile section */
		CACF6090B3BF98FE0C9A7FF5 /* LoginController.m in Sources */ = {isa = PBXBuildFile; fileRef = CACF6CB608310835379E3B8C /* LoginController.m */; };
		CACF657DC2C35A63E77BD2F6 /* AccountController.m in Sources */ = {isa = PBXBuildFile; fileRef = CACF6EFEE0DCC260F687EE12 /* AccountController.m */; };
		CACF69267E30411D43F0A3C1 /* OrderController.m in Sources */ = {isa = PBXBuildFile; fileRef = CACF6DA704B19E3755A9CF6E /* OrderController.m */; };
		CACF692AD387E9828C9D33FE /* RequestController.m in Sources */ = {isa = PBXBuildFile; fileRef = CACF65AB58106CEACDBA000B /* RequestController.m */; };
		F82EDF811E33261900D18404 /* main.m in Sources */ = {isa = PBXBuildFile; fileRef = F82EDF801E33261900D18404 /* main.m */; };
		F82EDF841E33261900D18404 /* AppDelegate.m in Sources */ = {isa = PBXBuildFile; fileRef = F82EDF831E33261900D18404 /* AppDelegate.m */; };
		F82EDF8C1E33261900D18404 /* Assets.xcassets in Resources */ = {isa = PBXBuildFile; fileRef = F82EDF8B1E33261900D18404 /* Assets.xcassets */; };
		F82EDF8F1E33261900D18404 /* LaunchScreen.storyboard in Resources */ = {isa = PBXBuildFile; fileRef = F82EDF8D1E33261900D18404 /* LaunchScreen.storyboard */; };
/* End PBXBuildFile section */

/* Begin PBXFileReference section */
		CACF617C5166D512A69A3EFF /* AccountController.h */ = {isa = PBXFileReference; fileEncoding = 4; lastKnownFileType = sourcecode.c.h; path = AccountController.h; sourceTree = "<group>"; };
		CACF63119401E2332633FF04 /* OrderController.h */ = {isa = PBXFileReference; fileEncoding = 4; lastKnownFileType = sourcecode.c.h; path = OrderController.h; sourceTree = "<group>"; };
		CACF65AB58106CEACDBA000B /* RequestController.m */ = {isa = PBXFileReference; fileEncoding = 4; lastKnownFileType = sourcecode.c.objc; path = RequestController.m; sourceTree = "<group>"; };
		CACF660B2F25DD0B47EC7732 /* LoginController.h */ = {isa = PBXFileReference; fileEncoding = 4; lastKnownFileType = sourcecode.c.h; path = LoginController.h; sourceTree = "<group>"; };
		CACF6791953A9E3C5A85EFA1 /* RequestController.h */ = {isa = PBXFileReference; fileEncoding = 4; lastKnownFileType = sourcecode.c.h; path = RequestController.h; sourceTree = "<group>"; };
		CACF6CB608310835379E3B8C /* LoginController.m */ = {isa = PBXFileReference; fileEncoding = 4; lastKnownFileType = sourcecode.c.objc; path = LoginController.m; sourceTree = "<group>"; };
		CACF6DA704B19E3755A9CF6E /* OrderController.m */ = {isa = PBXFileReference; fileEncoding = 4; lastKnownFileType = sourcecode.c.objc; path = OrderController.m; sourceTree = "<group>"; };
		CACF6EFEE0DCC260F687EE12 /* AccountController.m */ = {isa = PBXFileReference; fileEncoding = 4; lastKnownFileType = sourcecode.c.objc; path = AccountController.m; sourceTree = "<group>"; };
		F82EDF7C1E33261900D18404 /* classifieds.app */ = {isa = PBXFileReference; explicitFileType = wrapper.application; includeInIndex = 0; path = classifieds.app; sourceTree = BUILT_PRODUCTS_DIR; };
		F82EDF801E33261900D18404 /* main.m */ = {isa = PBXFileReference; lastKnownFileType = sourcecode.c.objc; path = main.m; sourceTree = "<group>"; };
		F82EDF821E33261900D18404 /* AppDelegate.h */ = {isa = PBXFileReference; lastKnownFileType = sourcecode.c.h; path = AppDelegate.h; sourceTree = "<group>"; };
		F82EDF831E33261900D18404 /* AppDelegate.m */ = {isa = PBXFileReference; lastKnownFileType = sourcecode.c.objc; path = AppDelegate.m; sourceTree = "<group>"; };
		F82EDF8B1E33261900D18404 /* Assets.xcassets */ = {isa = PBXFileReference; lastKnownFileType = folder.assetcatalog; path = Assets.xcassets; sourceTree = "<group>"; };
		F82EDF8E1E33261900D18404 /* Base */ = {isa = PBXFileReference; lastKnownFileType = file.storyboard; name = Base; path = Base.lproj/LaunchScreen.storyboard; sourceTree = "<group>"; };
		F82EDF901E33261900D18404 /* Info.plist */ = {isa = PBXFileReference; lastKnownFileType = text.plist.xml; path = Info.plist; sourceTree = "<group>"; };
/* End PBXFileReference section */

/* Begin PBXFrameworksBuildPhase section */
		F82EDF791E33261900D18404 /* Frameworks */ = {
			isa = PBXFrameworksBuildPhase;
			buildActionMask = 2147483647;
			files = (
			);
			runOnlyForDeploymentPostprocessing = 0;
		};
/* End PBXFrameworksBuildPhase section */

/* Begin PBXGroup section */
		CACF63985A49731E49DC8A3D /* views */ = {
			isa = PBXGroup;
			children = (
			);
			path = views;
			sourceTree = "<group>";
		};
		CACF6C09302D506D215E5594 /* models */ = {
			isa = PBXGroup;
			children = (
			);
			path = models;
			sourceTree = "<group>";
		};
		CACF6C4F77C9C834A52D550E /* controllers */ = {
			isa = PBXGroup;
			children = (
				CACF660B2F25DD0B47EC7732 /* LoginController.h */,
				CACF6CB608310835379E3B8C /* LoginController.m */,
				CACF617C5166D512A69A3EFF /* AccountController.h */,
				CACF6EFEE0DCC260F687EE12 /* AccountController.m */,
				CACF63119401E2332633FF04 /* OrderController.h */,
				CACF6DA704B19E3755A9CF6E /* OrderController.m */,
				CACF6791953A9E3C5A85EFA1 /* RequestController.h */,
				CACF65AB58106CEACDBA000B /* RequestController.m */,
			);
			path = controllers;
			sourceTree = "<group>";
		};
		F82EDF731E33261900D18404 = {
			isa = PBXGroup;
			children = (
				F82EDF7E1E33261900D18404 /* classifieds */,
				F82EDF7D1E33261900D18404 /* Products */,
			);
			sourceTree = "<group>";
		};
		F82EDF7D1E33261900D18404 /* Products */ = {
			isa = PBXGroup;
			children = (
				F82EDF7C1E33261900D18404 /* classifieds.app */,
			);
			name = Products;
			sourceTree = "<group>";
		};
		F82EDF7E1E33261900D18404 /* classifieds */ = {
			isa = PBXGroup;
			children = (
				F82EDF821E33261900D18404 /* AppDelegate.h */,
				F82EDF831E33261900D18404 /* AppDelegate.m */,
				F82EDF8B1E33261900D18404 /* Assets.xcassets */,
				F82EDF8D1E33261900D18404 /* LaunchScreen.storyboard */,
				F82EDF901E33261900D18404 /* Info.plist */,
				F82EDF7F1E33261900D18404 /* Supporting Files */,
				CACF63985A49731E49DC8A3D /* views */,
				CACF6C4F77C9C834A52D550E /* controllers */,
				CACF6C09302D506D215E5594 /* models */,
			);
			path = classifieds;
			sourceTree = "<group>";
		};
		F82EDF7F1E33261900D18404 /* Supporting Files */ = {
			isa = PBXGroup;
			children = (
				F82EDF801E33261900D18404 /* main.m */,
			);
			name = "Supporting Files";
			sourceTree = "<group>";
		};
/* End PBXGroup section */

/* Begin PBXNativeTarget section */
		F82EDF7B1E33261900D18404 /* classifieds */ = {
			isa = PBXNativeTarget;
			buildConfigurationList = F82EDF931E33261900D18404 /* Build configuration list for PBXNativeTarget "classifieds" */;
			buildPhases = (
				F82EDF781E33261900D18404 /* Sources */,
				F82EDF791E33261900D18404 /* Frameworks */,
				F82EDF7A1E33261900D18404 /* Resources */,
			);
			buildRules = (
			);
			dependencies = (
			);
			name = classifieds;
			productName = classifieds;
			productReference = F82EDF7C1E33261900D18404 /* classifieds.app */;
			productType = "com.apple.product-type.application";
		};
/* End PBXNativeTarget section */

/* Begin PBXProject section */
		F82EDF741E33261900D18404 /* Project object */ = {
			isa = PBXProject;
			attributes = {
				LastUpgradeCheck = 0730;
				ORGANIZATIONNAME = "Stefan Kramreither";
				TargetAttributes = {
					F82EDF7B1E33261900D18404 = {
						CreatedOnToolsVersion = 7.3;
					};
				};
			};
			buildConfigurationList = F82EDF771E33261900D18404 /* Build configuration list for PBXProject "classifieds" */;
			compatibilityVersion = "Xcode 3.2";
			developmentRegion = English;
			hasScannedForEncodings = 0;
			knownRegions = (
				en,
				Base,
			);
			mainGroup = F82EDF731E33261900D18404;
			productRefGroup = F82EDF7D1E33261900D18404 /* Products */;
			projectDirPath = "";
			projectRoot = "";
			targets = (
				F82EDF7B1E33261900D18404 /* classifieds */,
			);
		};
/* End PBXProject section */

/* Begin PBXResourcesBuildPhase section */
		F82EDF7A1E33261900D18404 /* Resources */ = {
			isa = PBXResourcesBuildPhase;
			buildActionMask = 2147483647;
			files = (
				F82EDF8F1E33261900D18404 /* LaunchScreen.storyboard in Resources */,
				F82EDF8C1E33261900D18404 /* Assets.xcassets in Resources */,
			);
			runOnlyForDeploymentPostprocessing = 0;
		};
/* End PBXResourcesBuildPhase section */

/* Begin PBXSourcesBuildPhase section */
		F82EDF781E33261900D18404 /* Sources */ = {
			isa = PBXSourcesBuildPhase;
			buildActionMask = 2147483647;
			files = (
				F82EDF841E33261900D18404 /* AppDelegate.m in Sources */,
				F82EDF811E33261900D18404 /* main.m in Sources */,
				CACF6090B3BF98FE0C9A7FF5 /* LoginController.m in Sources */,
				CACF657DC2C35A63E77BD2F6 /* AccountController.m in Sources */,
				CACF69267E30411D43F0A3C1 /* OrderController.m in Sources */,
				CACF692AD387E9828C9D33FE /* RequestController.m in Sources */,
			);
			runOnlyForDeploymentPostprocessing = 0;
		};
/* End PBXSourcesBuildPhase section */

/* Begin PBXVariantGroup section */
		F82EDF8D1E33261900D18404 /* LaunchScreen.storyboard */ = {
			isa = PBXVariantGroup;
			children = (
				F82EDF8E1E33261900D18404 /* Base */,
			);
			name = LaunchScreen.storyboard;
			sourceTree = "<group>";
		};
/* End PBXVariantGroup section */

/* Begin XCBuildConfiguration section */
		F82EDF911E33261900D18404 /* Debug */ = {
			isa = XCBuildConfiguration;
			buildSettings = {
				ALWAYS_SEARCH_USER_PATHS = NO;
				CLANG_ANALYZER_NONNULL = YES;
				CLANG_CXX_LANGUAGE_STANDARD = "gnu++0x";
				CLANG_CXX_LIBRARY = "libc++";
				CLANG_ENABLE_MODULES = YES;
				CLANG_ENABLE_OBJC_ARC = YES;
				CLANG_WARN_BOOL_CONVERSION = YES;
				CLANG_WARN_CONSTANT_CONVERSION = YES;
				CLANG_WARN_DIRECT_OBJC_ISA_USAGE = YES_ERROR;
				CLANG_WARN_EMPTY_BODY = YES;
				CLANG_WARN_ENUM_CONVERSION = YES;
				CLANG_WARN_INT_CONVERSION = YES;
				CLANG_WARN_OBJC_ROOT_CLASS = YES_ERROR;
				CLANG_WARN_UNREACHABLE_CODE = YES;
				CLANG_WARN__DUPLICATE_METHOD_MATCH = YES;
				"CODE_SIGN_IDENTITY[sdk=iphoneos*]" = "iPhone Developer";
				COPY_PHASE_STRIP = NO;
				DEBUG_INFORMATION_FORMAT = dwarf;
				ENABLE_STRICT_OBJC_MSGSEND = YES;
				ENABLE_TESTABILITY = YES;
				GCC_C_LANGUAGE_STANDARD = gnu99;
				GCC_DYNAMIC_NO_PIC = NO;
				GCC_NO_COMMON_BLOCKS = YES;
				GCC_OPTIMIZATION_LEVEL = 0;
				GCC_PREPROCESSOR_DEFINITIONS = (
					"DEBUG=1",
					"$(inherited)",
				);
				GCC_WARN_64_TO_32_BIT_CONVERSION = YES;
				GCC_WARN_ABOUT_RETURN_TYPE = YES_ERROR;
				GCC_WARN_UNDECLARED_SELECTOR = YES;
				GCC_WARN_UNINITIALIZED_AUTOS = YES_AGGRESSIVE;
				GCC_WARN_UNUSED_FUNCTION = YES;
				GCC_WARN_UNUSED_VARIABLE = YES;
				IPHONEOS_DEPLOYMENT_TARGET = 9.3;
				MTL_ENABLE_DEBUG_INFO = YES;
				ONLY_ACTIVE_ARCH = YES;
				SDKROOT = iphoneos;
			};
			name = Debug;
		};
		F82EDF921E33261900D18404 /* Release */ = {
			isa = XCBuildConfiguration;
			buildSettings = {
				ALWAYS_SEARCH_USER_PATHS = NO;
				CLANG_ANALYZER_NONNULL = YES;
				CLANG_CXX_LANGUAGE_STANDARD = "gnu++0x";
				CLANG_CXX_LIBRARY = "libc++";
				CLANG_ENABLE_MODULES = YES;
				CLANG_ENABLE_OBJC_ARC = YES;
				CLANG_WARN_BOOL_CONVERSION = YES;
				CLANG_WARN_CONSTANT_CONVERSION = YES;
				CLANG_WARN_DIRECT_OBJC_ISA_USAGE = YES_ERROR;
				CLANG_WARN_EMPTY_BODY = YES;
				CLANG_WARN_ENUM_CONVERSION = YES;
				CLANG_WARN_INT_CONVERSION = YES;
				CLANG_WARN_OBJC_ROOT_CLASS = YES_ERROR;
				CLANG_WARN_UNREACHABLE_CODE = YES;
				CLANG_WARN__DUPLICATE_METHOD_MATCH = YES;
				"CODE_SIGN_IDENTITY[sdk=iphoneos*]" = "iPhone Developer";
				COPY_PHASE_STRIP = NO;
				DEBUG_INFORMATION_FORMAT = "dwarf-with-dsym";
				ENABLE_NS_ASSERTIONS = NO;
				ENABLE_STRICT_OBJC_MSGSEND = YES;
				GCC_C_LANGUAGE_STANDARD = gnu99;
				GCC_NO_COMMON_BLOCKS = YES;
				GCC_WARN_64_TO_32_BIT_CONVERSION = YES;
				GCC_WARN_ABOUT_RETURN_TYPE = YES_ERROR;
				GCC_WARN_UNDECLARED_SELECTOR = YES;
				GCC_WARN_UNINITIALIZED_AUTOS = YES_AGGRESSIVE;
				GCC_WARN_UNUSED_FUNCTION = YES;
				GCC_WARN_UNUSED_VARIABLE = YES;
				IPHONEOS_DEPLOYMENT_TARGET = 9.3;
				MTL_ENABLE_DEBUG_INFO = NO;
				SDKROOT = iphoneos;
				VALIDATE_PRODUCT = YES;
			};
			name = Release;
		};
		F82EDF941E33261900D18404 /* Debug */ = {
			isa = XCBuildConfiguration;
			buildSettings = {
				ASSETCATALOG_COMPILER_APPICON_NAME = AppIcon;
				INFOPLIST_FILE = classifieds/Info.plist;
				LD_RUNPATH_SEARCH_PATHS = "$(inherited) @executable_path/Frameworks";
				PRODUCT_BUNDLE_IDENTIFIER = com.stefankram.classifieds;
				PRODUCT_NAME = "$(TARGET_NAME)";
			};
			name = Debug;
		};
		F82EDF951E33261900D18404 /* Release */ = {
			isa = XCBuildConfiguration;
			buildSettings = {
				ASSETCATALOG_COMPILER_APPICON_NAME = AppIcon;
				INFOPLIST_FILE = classifieds/Info.plist;
				LD_RUNPATH_SEARCH_PATHS = "$(inherited) @executable_path/Frameworks";
				PRODUCT_BUNDLE_IDENTIFIER = com.stefankram.classifieds;
				PRODUCT_NAME = "$(TARGET_NAME)";
			};
			name = Release;
		};
/* End XCBuildConfiguration section */

/* Begin XCConfigurationList section */
		F82EDF771E33261900D18404 /* Build configuration list for PBXProject "classifieds" */ = {
			isa = XCConfigurationList;
			buildConfigurations = (
				F82EDF911E33261900D18404 /* Debug */,
				F82EDF921E33261900D18404 /* Release */,
			);
			defaultConfigurationIsVisible = 0;
			defaultConfigurationName = Release;
		};
		F82EDF931E33261900D18404 /* Build configuration list for PBXNativeTarget "classifieds" */ = {
			isa = XCConfigurationList;
			buildConfigurations = (
				F82EDF941E33261900D18404 /* Debug */,
				F82EDF951E33261900D18404 /* Release */,
			);
			defaultConfigurationIsVisible = 0;
			defaultConfigurationName = Release;
		};
/* End XCConfigurationList section */
	};
	rootObject = F82EDF741E33261900D18404 /* Project object */;
}
